PODS:
  - CryptoSwift (1.4.2)
  - Starscream (3.1.1)
  - WalletConnectSwift (1.6.0):
    - CryptoSwift (~> 1.4)
    - Starscream (~> 3.1)

DEPENDENCIES:
  - WalletConnectSwift

SPEC REPOS:
  trunk:
    - CryptoSwift
    - Starscream
    - WalletConnectSwift

SPEC CHECKSUMS:
  CryptoSwift: a532e74ed010f8c95f611d00b8bbae42e9fe7c17
  Starscream: 4bb2f9942274833f7b4d296a55504dcfc7edb7b0
  WalletConnectSwift: 1fbff8f5315bd8d41596773ca1b384aa873b6824

PODFILE CHECKSUM: a7b1d80158148c3478b4111afed49943109ed405

COCOAPODS: 1.11.2
